
Microsoft Visual Studio Solution File, Format Version 12.00
# Visual Studio Version 17
VisualStudioVersion = 17.6.33723.286
MinimumVisualStudioVersion = 10.0.40219.1
Project("{FAE04EC0-301F-11D3-BF4B-00C04F79EFBC}") = "LinqGUIApp31", "LinqGUIApp31\LinqGUIApp31.csproj", "{3A5BCD50-1C41-4057-A80C-99CADAE0CB72}"
EndProject
Global
	GlobalSection(SolutionConfigurationPlatforms) = preSolution
		Debug|Any CPU = Debug|Any CPU
		Release|Any CPU = Release|Any CPU
	EndGlobalSection
	GlobalSection(ProjectConfigurationPlatforms) = postSolution
		{3A5BCD50-1C41-4057-A80C-99CADAE0CB72}.Debug|Any CPU.ActiveCfg = Debug|Any CPU
		{3A5BCD50-1C41-4057-A80C-99CADAE0CB72}.Debug|Any CPU.Build.0 = Debug|Any CPU
		{3A5BCD50-1C41-4057-A80C-99CADAE0CB72}.Release|Any CPU.ActiveCfg = Release|Any CPU
		{3A5BCD50-1C41-4057-A80C-99CADAE0CB72}.Release|Any CPU.Build.0 = Release|Any CPU
	EndGlobalSection
	GlobalSection(SolutionProperties) = preSolution
		HideSolutionNode = FALSE
	EndGlobalSection
	GlobalSection(ExtensibilityGlobals) = postSolution
		SolutionGuid = {E19CEB9D-055A-4820-AAA8-DB87836B5C2B}
	EndGlobalSection
EndGlobal
